
Microsoft Visual Studio Solution File, Format Version 12.00
# Visual Studio Version 17
VisualStudioVersion = 17.8.34322.80
MinimumVisualStudioVersion = 10.0.40219.1
Project("{FAE04EC0-301F-11D3-BF4B-00C04F79EFBC}") = "Social_media_app", "Social_media_app\Social_media_app.csproj", "{1D419112-09C6-4CA7-8684-B71E182F874F}"
EndProject
Global
	GlobalSection(SolutionConfigurationPlatforms) = preSolution
		Debug|Any CPU = Debug|Any CPU
		Release|Any CPU = Release|Any CPU
	EndGlobalSection
	GlobalSection(ProjectConfigurationPlatforms) = postSolution
		{1D419112-09C6-4CA7-8684-B71E182F874F}.Debug|Any CPU.ActiveCfg = Debug|Any CPU
		{1D419112-09C6-4CA7-8684-B71E182F874F}.Debug|Any CPU.Build.0 = Debug|Any CPU
		{1D419112-09C6-4CA7-8684-B71E182F874F}.Release|Any CPU.ActiveCfg = Release|Any CPU
		{1D419112-09C6-4CA7-8684-B71E182F874F}.Release|Any CPU.Build.0 = Release|Any CPU
	EndGlobalSection
	GlobalSection(SolutionProperties) = preSolution
		HideSolutionNode = FALSE
	EndGlobalSection
	GlobalSection(ExtensibilityGlobals) = postSolution
		SolutionGuid = {1B6BC385-05F6-490F-A8F9-96918454C28B}
	EndGlobalSection
EndGlobal
